
Microsoft Visual Studio Solution File, Format Version 12.00
# Visual Studio Version 17
VisualStudioVersion = 17.0.31903.59
MinimumVisualStudioVersion = 10.0.40219.1
Project("{2150E333-8FDC-42A3-9474-1A3956D46DE8}") = "Plugins", "Plugins", "{5095E260-6923-41C6-9DF8-A395F2EE275C}"
EndProject
Project("{9A19103F-16F7-4668-BE54-9A1E7A4F7556}") = "Mara.Runtime", "Mara.Runtime\Mara.Runtime.csproj", "{CBD53B34-977B-4CD0-BD6E-6D03B98A191F}"
EndProject
Project("{9A19103F-16F7-4668-BE54-9A1E7A4F7556}") = "Mara.Plugins.Core", "Plugins\Mara.Plugins.Core\Mara.Plugins.Core.csproj", "{9B5BAB08-4F92-420B-B45E-149B566664A7}"
EndProject
Project("{9A19103F-16F7-4668-BE54-9A1E7A4F7556}") = "Mara.Common", "Mara.Common\Mara.Common.csproj", "{F0E906C4-5187-48A6-864E-B526AA2FDB9D}"
EndProject
Project("{9A19103F-16F7-4668-BE54-9A1E7A4F7556}") = "Mara.Plugins.BetterEmbeds", "Plugins\Mara.Plugins.BetterEmbed\Mara.Plugins.BetterEmbeds.csproj", "{AC75C1EC-34E5-4BBE-8060-78D174F4D6D3}"
EndProject
Project("{2150E333-8FDC-42A3-9474-1A3956D46DE8}") = "Solution Items", "Solution Items", "{39EA8E1A-E1D9-419D-AF42-860058C74536}"
	ProjectSection(SolutionItems) = preProject
		Directory.Build.props = Directory.Build.props
		LICENSE = LICENSE
		readme.md = readme.md
		global.json = global.json
		.gitignore = .gitignore
	EndProjectSection
EndProject
Project("{9A19103F-16F7-4668-BE54-9A1E7A4F7556}") = "Mara.Plugins.Consent", "Plugins\Mara.Plugins.Consent\Mara.Plugins.Consent.csproj", "{EE0456BD-8336-4C69-9E03-143B5B37BC51}"
EndProject
Project("{9A19103F-16F7-4668-BE54-9A1E7A4F7556}") = "Mara.Plugins.Moderation", "Plugins\Mara.Plugins.Moderation\Mara.Plugins.Moderation.csproj", "{D7B323BE-10DD-4C87-99C3-D1E56A9A95C4}"
EndProject
Project("{2150E333-8FDC-42A3-9474-1A3956D46DE8}") = "Tests", "Tests", "{8F10A9B2-5A0D-4B05-8EF7-A55D45D66BA4}"
EndProject
Project("{9A19103F-16F7-4668-BE54-9A1E7A4F7556}") = "Mara.Tests", "Tests\Mara.Tests\Mara.Tests.csproj", "{A5B54797-12EE-443B-88D4-D27C2D19D98E}"
EndProject
Project("{9A19103F-16F7-4668-BE54-9A1E7A4F7556}") = "Mara.Plugins.Moderation.Tests", "Tests\Mara.Plugins.Moderation.Tests\Mara.Plugins.Moderation.Tests.csproj", "{ADF391E3-1B6A-484E-BFBC-BF6FD076C40E}"
EndProject
Project("{9A19103F-16F7-4668-BE54-9A1E7A4F7556}") = "Mara.Plugins.Mediator.Tests", "Tests\Mara.Plugins.Mediator.Tests\Mara.Plugins.Mediator.Tests.csproj", "{E1ED1346-27DB-45C8-9090-3D16E8329025}"
EndProject
Project("{9A19103F-16F7-4668-BE54-9A1E7A4F7556}") = "Mara.Plugins.Core.Tests", "Tests\Mara.Plugins.Core.Tests\Mara.Plugins.Core.Tests.csproj", "{15258F26-D701-468C-AFC2-4481893DD4AD}"
EndProject
Project("{9A19103F-16F7-4668-BE54-9A1E7A4F7556}") = "Mara.Plugins.BetterEmbeds.Tests", "Tests\Mara.Plugins.BetterEmbeds.Tests\Mara.Plugins.BetterEmbeds.Tests.csproj", "{D428E6C3-22D0-46D8-B954-DAEDD20E4FBD}"
EndProject
Project("{9A19103F-16F7-4668-BE54-9A1E7A4F7556}") = "Mara.Plugins.Automation", "Plugins\Mara.Plugins.Automation\Mara.Plugins.Automation.csproj", "{104A2B1B-8BAB-41C9-93B7-2EF52955DB7A}"
EndProject
Project("{FAE04EC0-301F-11D3-BF4B-00C04F79EFBC}") = "Mara.WebRuntime", "Mara.WebRuntime\Mara.WebRuntime.csproj", "{CAC7C5C7-C58C-49B5-AFA3-71CC69E401E6}"
EndProject
Project("{FAE04EC0-301F-11D3-BF4B-00C04F79EFBC}") = "Mara.Plugins.HelpDesk", "Plugins\Mara.Plugins.HelpDesk\Mara.Plugins.HelpDesk.csproj", "{05A45F46-A38C-4233-A0B1-A9865EE6E4A2}"
EndProject
Project("{FAE04EC0-301F-11D3-BF4B-00C04F79EFBC}") = "Mara.WebAdmin", "Mara.WebAdmin\Mara.WebAdmin.csproj", "{72B1E109-3562-45C0-9F34-AA7F30CD3667}"
EndProject
Global
	GlobalSection(SolutionConfigurationPlatforms) = preSolution
		Debug|Any CPU = Debug|Any CPU
		Release|Any CPU = Release|Any CPU
	EndGlobalSection
	GlobalSection(ProjectConfigurationPlatforms) = postSolution
		{CBD53B34-977B-4CD0-BD6E-6D03B98A191F}.Debug|Any CPU.ActiveCfg = Debug|Any CPU
		{CBD53B34-977B-4CD0-BD6E-6D03B98A191F}.Debug|Any CPU.Build.0 = Debug|Any CPU
		{CBD53B34-977B-4CD0-BD6E-6D03B98A191F}.Release|Any CPU.ActiveCfg = Release|Any CPU
		{CBD53B34-977B-4CD0-BD6E-6D03B98A191F}.Release|Any CPU.Build.0 = Release|Any CPU
		{9B5BAB08-4F92-420B-B45E-149B566664A7}.Debug|Any CPU.ActiveCfg = Debug|Any CPU
		{9B5BAB08-4F92-420B-B45E-149B566664A7}.Debug|Any CPU.Build.0 = Debug|Any CPU
		{9B5BAB08-4F92-420B-B45E-149B566664A7}.Release|Any CPU.ActiveCfg = Release|Any CPU
		{9B5BAB08-4F92-420B-B45E-149B566664A7}.Release|Any CPU.Build.0 = Release|Any CPU
		{F0E906C4-5187-48A6-864E-B526AA2FDB9D}.Debug|Any CPU.ActiveCfg = Debug|Any CPU
		{F0E906C4-5187-48A6-864E-B526AA2FDB9D}.Debug|Any CPU.Build.0 = Debug|Any CPU
		{F0E906C4-5187-48A6-864E-B526AA2FDB9D}.Release|Any CPU.ActiveCfg = Release|Any CPU
		{F0E906C4-5187-48A6-864E-B526AA2FDB9D}.Release|Any CPU.Build.0 = Release|Any CPU
		{AC75C1EC-34E5-4BBE-8060-78D174F4D6D3}.Debug|Any CPU.ActiveCfg = Debug|Any CPU
		{AC75C1EC-34E5-4BBE-8060-78D174F4D6D3}.Debug|Any CPU.Build.0 = Debug|Any CPU
		{AC75C1EC-34E5-4BBE-8060-78D174F4D6D3}.Release|Any CPU.ActiveCfg = Release|Any CPU
		{AC75C1EC-34E5-4BBE-8060-78D174F4D6D3}.Release|Any CPU.Build.0 = Release|Any CPU
		{EE0456BD-8336-4C69-9E03-143B5B37BC51}.Debug|Any CPU.ActiveCfg = Debug|Any CPU
		{EE0456BD-8336-4C69-9E03-143B5B37BC51}.Debug|Any CPU.Build.0 = Debug|Any CPU
		{EE0456BD-8336-4C69-9E03-143B5B37BC51}.Release|Any CPU.ActiveCfg = Release|Any CPU
		{EE0456BD-8336-4C69-9E03-143B5B37BC51}.Release|Any CPU.Build.0 = Release|Any CPU
		{D7B323BE-10DD-4C87-99C3-D1E56A9A95C4}.Debug|Any CPU.ActiveCfg = Debug|Any CPU
		{D7B323BE-10DD-4C87-99C3-D1E56A9A95C4}.Debug|Any CPU.Build.0 = Debug|Any CPU
		{D7B323BE-10DD-4C87-99C3-D1E56A9A95C4}.Release|Any CPU.ActiveCfg = Release|Any CPU
		{D7B323BE-10DD-4C87-99C3-D1E56A9A95C4}.Release|Any CPU.Build.0 = Release|Any CPU
		{A5B54797-12EE-443B-88D4-D27C2D19D98E}.Debug|Any CPU.ActiveCfg = Debug|Any CPU
		{A5B54797-12EE-443B-88D4-D27C2D19D98E}.Debug|Any CPU.Build.0 = Debug|Any CPU
		{A5B54797-12EE-443B-88D4-D27C2D19D98E}.Release|Any CPU.ActiveCfg = Release|Any CPU
		{A5B54797-12EE-443B-88D4-D27C2D19D98E}.Release|Any CPU.Build.0 = Release|Any CPU
		{ADF391E3-1B6A-484E-BFBC-BF6FD076C40E}.Debug|Any CPU.ActiveCfg = Debug|Any CPU
		{ADF391E3-1B6A-484E-BFBC-BF6FD076C40E}.Debug|Any CPU.Build.0 = Debug|Any CPU
		{ADF391E3-1B6A-484E-BFBC-BF6FD076C40E}.Release|Any CPU.ActiveCfg = Release|Any CPU
		{ADF391E3-1B6A-484E-BFBC-BF6FD076C40E}.Release|Any CPU.Build.0 = Release|Any CPU
		{E1ED1346-27DB-45C8-9090-3D16E8329025}.Debug|Any CPU.ActiveCfg = Debug|Any CPU
		{E1ED1346-27DB-45C8-9090-3D16E8329025}.Debug|Any CPU.Build.0 = Debug|Any CPU
		{E1ED1346-27DB-45C8-9090-3D16E8329025}.Release|Any CPU.ActiveCfg = Release|Any CPU
		{E1ED1346-27DB-45C8-9090-3D16E8329025}.Release|Any CPU.Build.0 = Release|Any CPU
		{15258F26-D701-468C-AFC2-4481893DD4AD}.Debug|Any CPU.ActiveCfg = Debug|Any CPU
		{15258F26-D701-468C-AFC2-4481893DD4AD}.Debug|Any CPU.Build.0 = Debug|Any CPU
		{15258F26-D701-468C-AFC2-4481893DD4AD}.Release|Any CPU.ActiveCfg = Release|Any CPU
		{15258F26-D701-468C-AFC2-4481893DD4AD}.Release|Any CPU.Build.0 = Release|Any CPU
		{D428E6C3-22D0-46D8-B954-DAEDD20E4FBD}.Debug|Any CPU.ActiveCfg = Debug|Any CPU
		{D428E6C3-22D0-46D8-B954-DAEDD20E4FBD}.Debug|Any CPU.Build.0 = Debug|Any CPU
		{D428E6C3-22D0-46D8-B954-DAEDD20E4FBD}.Release|Any CPU.ActiveCfg = Release|Any CPU
		{D428E6C3-22D0-46D8-B954-DAEDD20E4FBD}.Release|Any CPU.Build.0 = Release|Any CPU
		{104A2B1B-8BAB-41C9-93B7-2EF52955DB7A}.Debug|Any CPU.ActiveCfg = Debug|Any CPU
		{104A2B1B-8BAB-41C9-93B7-2EF52955DB7A}.Debug|Any CPU.Build.0 = Debug|Any CPU
		{104A2B1B-8BAB-41C9-93B7-2EF52955DB7A}.Release|Any CPU.ActiveCfg = Release|Any CPU
		{104A2B1B-8BAB-41C9-93B7-2EF52955DB7A}.Release|Any CPU.Build.0 = Release|Any CPU
		{CAC7C5C7-C58C-49B5-AFA3-71CC69E401E6}.Debug|Any CPU.ActiveCfg = Debug|Any CPU
		{CAC7C5C7-C58C-49B5-AFA3-71CC69E401E6}.Debug|Any CPU.Build.0 = Debug|Any CPU
		{CAC7C5C7-C58C-49B5-AFA3-71CC69E401E6}.Release|Any CPU.ActiveCfg = Release|Any CPU
		{CAC7C5C7-C58C-49B5-AFA3-71CC69E401E6}.Release|Any CPU.Build.0 = Release|Any CPU
		{05A45F46-A38C-4233-A0B1-A9865EE6E4A2}.Debug|Any CPU.ActiveCfg = Debug|Any CPU
		{05A45F46-A38C-4233-A0B1-A9865EE6E4A2}.Debug|Any CPU.Build.0 = Debug|Any CPU
		{05A45F46-A38C-4233-A0B1-A9865EE6E4A2}.Release|Any CPU.ActiveCfg = Release|Any CPU
		{05A45F46-A38C-4233-A0B1-A9865EE6E4A2}.Release|Any CPU.Build.0 = Release|Any CPU
		{72B1E109-3562-45C0-9F34-AA7F30CD3667}.Debug|Any CPU.ActiveCfg = Debug|Any CPU
		{72B1E109-3562-45C0-9F34-AA7F30CD3667}.Debug|Any CPU.Build.0 = Debug|Any CPU
		{72B1E109-3562-45C0-9F34-AA7F30CD3667}.Release|Any CPU.ActiveCfg = Release|Any CPU
		{72B1E109-3562-45C0-9F34-AA7F30CD3667}.Release|Any CPU.Build.0 = Release|Any CPU
	EndGlobalSection
	GlobalSection(SolutionProperties) = preSolution
		HideSolutionNode = FALSE
	EndGlobalSection
	GlobalSection(NestedProjects) = preSolution
		{9B5BAB08-4F92-420B-B45E-149B566664A7} = {5095E260-6923-41C6-9DF8-A395F2EE275C}
		{AC75C1EC-34E5-4BBE-8060-78D174F4D6D3} = {5095E260-6923-41C6-9DF8-A395F2EE275C}
		{EE0456BD-8336-4C69-9E03-143B5B37BC51} = {5095E260-6923-41C6-9DF8-A395F2EE275C}
		{D7B323BE-10DD-4C87-99C3-D1E56A9A95C4} = {5095E260-6923-41C6-9DF8-A395F2EE275C}
		{A5B54797-12EE-443B-88D4-D27C2D19D98E} = {8F10A9B2-5A0D-4B05-8EF7-A55D45D66BA4}
		{ADF391E3-1B6A-484E-BFBC-BF6FD076C40E} = {8F10A9B2-5A0D-4B05-8EF7-A55D45D66BA4}
		{E1ED1346-27DB-45C8-9090-3D16E8329025} = {8F10A9B2-5A0D-4B05-8EF7-A55D45D66BA4}
		{15258F26-D701-468C-AFC2-4481893DD4AD} = {8F10A9B2-5A0D-4B05-8EF7-A55D45D66BA4}
		{D428E6C3-22D0-46D8-B954-DAEDD20E4FBD} = {8F10A9B2-5A0D-4B05-8EF7-A55D45D66BA4}
		{104A2B1B-8BAB-41C9-93B7-2EF52955DB7A} = {5095E260-6923-41C6-9DF8-A395F2EE275C}
		{05A45F46-A38C-4233-A0B1-A9865EE6E4A2} = {5095E260-6923-41C6-9DF8-A395F2EE275C}
	EndGlobalSection
	GlobalSection(ExtensibilityGlobals) = postSolution
		SolutionGuid = {7F5007AB-7A59-4CAF-B60F-5FA522B11A6C}
	EndGlobalSection
EndGlobal
